
Microsoft Visual Studio Solution File, Format Version 12.00
# Visual Studio Version 17
VisualStudioVersion = 17.3.32901.215
MinimumVisualStudioVersion = 10.0.40219.1
Project("{9A19103F-16F7-4668-BE54-9A1E7A4F7556}") = "Anagram", "Anagram\Anagram.csproj", "{76200D64-97FA-4D98-A886-21B7329F7007}"
EndProject
Project("{9A19103F-16F7-4668-BE54-9A1E7A4F7556}") = "AnagramTests", "AnagramTests\AnagramTests.csproj", "{BBDCA35B-80E2-4216-B23A-F3678EC71E96}"
EndProject
Global
	GlobalSection(SolutionConfigurationPlatforms) = preSolution
		Debug|Any CPU = Debug|Any CPU
		Release|Any CPU = Release|Any CPU
	EndGlobalSection
	GlobalSection(ProjectConfigurationPlatforms) = postSolution
		{76200D64-97FA-4D98-A886-21B7329F7007}.Debug|Any CPU.ActiveCfg = Debug|Any CPU
		{76200D64-97FA-4D98-A886-21B7329F7007}.Debug|Any CPU.Build.0 = Debug|Any CPU
		{76200D64-97FA-4D98-A886-21B7329F7007}.Release|Any CPU.ActiveCfg = Release|Any CPU
		{76200D64-97FA-4D98-A886-21B7329F7007}.Release|Any CPU.Build.0 = Release|Any CPU
		{BBDCA35B-80E2-4216-B23A-F3678EC71E96}.Debug|Any CPU.ActiveCfg = Debug|Any CPU
		{BBDCA35B-80E2-4216-B23A-F3678EC71E96}.Debug|Any CPU.Build.0 = Debug|Any CPU
		{BBDCA35B-80E2-4216-B23A-F3678EC71E96}.Release|Any CPU.ActiveCfg = Release|Any CPU
		{BBDCA35B-80E2-4216-B23A-F3678EC71E96}.Release|Any CPU.Build.0 = Release|Any CPU
	EndGlobalSection
	GlobalSection(SolutionProperties) = preSolution
		HideSolutionNode = FALSE
	EndGlobalSection
	GlobalSection(ExtensibilityGlobals) = postSolution
		SolutionGuid = {D7741DED-CD16-422C-B379-9681E20BA652}
	EndGlobalSection
EndGlobal
